// !$*UTF8*$!
{
	archiveVersion = 1;
	classes = {
	};
	objectVersion = 46;
	objects = {

/* Begin PBXBuildFile section */
		F7A4D1E41D92D291003BBDD9 /* TornadoBarViewController.swift in Sources */ = {isa = PBXBuildFile; fileRef = F7A4D1DF1D92D291003BBDD9 /* TornadoBarViewController.swift */; };
		F7A4D1E51D92D291003BBDD9 /* TornadoDataPoint.m in Sources */ = {isa = PBXBuildFile; fileRef = F7A4D1E11D92D291003BBDD9 /* TornadoDataPoint.m */; };
		F7A4D1E61D92D291003BBDD9 /* TornadoDataSource.m in Sources */ = {isa = PBXBuildFile; fileRef = F7A4D1E31D92D291003BBDD9 /* TornadoDataSource.m */; };
		F7A4D1EA1D92D29C003BBDD9 /* ColHighLowGraphViewController.swift in Sources */ = {isa = PBXBuildFile; fileRef = F7A4D1E71D92D29C003BBDD9 /* ColHighLowGraphViewController.swift */; };
		F7A4D1EB1D92D29C003BBDD9 /* LineHighLowGraphDataSource.m in Sources */ = {isa = PBXBuildFile; fileRef = F7A4D1E91D92D29C003BBDD9 /* LineHighLowGraphDataSource.m */; };
		F7A4D1EE1D92D2A7003BBDD9 /* LineGraphViewController.swift in Sources */ = {isa = PBXBuildFile; fileRef = F7A4D1EC1D92D2A7003BBDD9 /* LineGraphViewController.swift */; };
		F7A4D1EF1D92D2A7003BBDD9 /* LineTrigGraphViewController.swift in Sources */ = {isa = PBXBuildFile; fileRef = F7A4D1ED1D92D2A7003BBDD9 /* LineTrigGraphViewController.swift */; };
		F7A4D1F21D92D2B2003BBDD9 /* LineGraphModViewController.swift in Sources */ = {isa = PBXBuildFile; fileRef = F7A4D1F01D92D2B2003BBDD9 /* LineGraphModViewController.swift */; };
		F7A4D1F31D92D2B2003BBDD9 /* LineGraphModDataSource.swift in Sources */ = {isa = PBXBuildFile; fileRef = F7A4D1F11D92D2B2003BBDD9 /* LineGraphModDataSource.swift */; };
		F7A4D1F91D92D2C1003BBDD9 /* scatter-data.plist in Resources */ = {isa = PBXBuildFile; fileRef = F7A4D1F41D92D2C1003BBDD9 /* scatter-data.plist */; };
		F7A4D1FA1D92D2C1003BBDD9 /* ScatterLineGraphDataSource.m in Sources */ = {isa = PBXBuildFile; fileRef = F7A4D1F61D92D2C1003BBDD9 /* ScatterLineGraphDataSource.m */; };
		F7A4D1FB1D92D2C1003BBDD9 /* ScatterLineViewController.m in Sources */ = {isa = PBXBuildFile; fileRef = F7A4D1F81D92D2C1003BBDD9 /* ScatterLineViewController.m */; };
		F7A4D2011D92D2CE003BBDD9 /* MultiGraphViewController.m in Sources */ = {isa = PBXBuildFile; fileRef = F7A4D1FD1D92D2CE003BBDD9 /* MultiGraphViewController.m */; };
		F7A4D2021D92D2CE003BBDD9 /* MultiGraphDataSource.m in Sources */ = {isa = PBXBuildFile; fileRef = F7A4D1FF1D92D2CE003BBDD9 /* MultiGraphDataSource.m */; };
		F7A4D2031D92D2CE003BBDD9 /* multitype-data.plist in Resources */ = {isa = PBXBuildFile; fileRef = F7A4D2001D92D2CE003BBDD9 /* multitype-data.plist */; };
		F7A4D2091D92D2DA003BBDD9 /* ScatterHRLineViewController.m in Sources */ = {isa = PBXBuildFile; fileRef = F7A4D2041D92D2DA003BBDD9 /* ScatterHRLineViewController.m */; };
		F7A4D20A1D92D2DA003BBDD9 /* ScatterHRLineGraphDataSource.m in Sources */ = {isa = PBXBuildFile; fileRef = F7A4D2051D92D2DA003BBDD9 /* ScatterHRLineGraphDataSource.m */; };
		F7A4D20B1D92D2DA003BBDD9 /* scatter-HeartRate-data.plist in Resources */ = {isa = PBXBuildFile; fileRef = F7A4D2071D92D2DA003BBDD9 /* scatter-HeartRate-data.plist */; };
		F7A4D2121D92D2E4003BBDD9 /* ScatterHRModifiedLineGraphDataSource.m in Sources */ = {isa = PBXBuildFile; fileRef = F7A4D20C1D92D2E4003BBDD9 /* ScatterHRModifiedLineGraphDataSource.m */; };
		F7A4D2131D92D2E4003BBDD9 /* ScatterHRModifiedLineViewController.m in Sources */ = {isa = PBXBuildFile; fileRef = F7A4D20D1D92D2E4003BBDD9 /* ScatterHRModifiedLineViewController.m */; };
		F7A4D2141D92D2E4003BBDD9 /* .DS_Store in Resources */ = {isa = PBXBuildFile; fileRef = F7A4D20E1D92D2E4003BBDD9 /* .DS_Store */; };
		F7A4D2151D92D2E4003BBDD9 /* scatter-HRModified-data.plist in Resources */ = {isa = PBXBuildFile; fileRef = F7A4D20F1D92D2E4003BBDD9 /* scatter-HRModified-data.plist */; };
		F7DAA8C81D772FF300D23A23 /* ShinobiCharts.framework in Frameworks */ = {isa = PBXBuildFile; fileRef = F7DAA8C71D772FF300D23A23 /* ShinobiCharts.framework */; };
		F7F9F6FC1CB2BEE4003EE8E4 /* AppDelegate.swift in Sources */ = {isa = PBXBuildFile; fileRef = F7F9F6FB1CB2BEE4003EE8E4 /* AppDelegate.swift */; };
		F7F9F7011CB2BEE4003EE8E4 /* Main.storyboard in Resources */ = {isa = PBXBuildFile; fileRef = F7F9F6FF1CB2BEE4003EE8E4 /* Main.storyboard */; };
		F7F9F7031CB2BEE4003EE8E4 /* Assets.xcassets in Resources */ = {isa = PBXBuildFile; fileRef = F7F9F7021CB2BEE4003EE8E4 /* Assets.xcassets */; };
		F7F9F7061CB2BEE4003EE8E4 /* LaunchScreen.storyboard in Resources */ = {isa = PBXBuildFile; fileRef = F7F9F7041CB2BEE4003EE8E4 /* LaunchScreen.storyboard */; };
		F7F9F7151CB2C175003EE8E4 /* OpenGLES.framework in Frameworks */ = {isa = PBXBuildFile; fileRef = F7F9F7141CB2C175003EE8E4 /* OpenGLES.framework */; };
		F7F9F7171CB2C17E003EE8E4 /* CoreText.framework in Frameworks */ = {isa = PBXBuildFile; fileRef = F7F9F7161CB2C17E003EE8E4 /* CoreText.framework */; };
		F7F9F71A1CB2CBAA003EE8E4 /* Security.framework in Frameworks */ = {isa = PBXBuildFile; fileRef = F7F9F7101CB2C160003EE8E4 /* Security.framework */; };
		F7F9F7211CB2CD71003EE8E4 /* libc++.tbd in Frameworks */ = {isa = PBXBuildFile; fileRef = F7F9F7201CB2CD71003EE8E4 /* libc++.tbd */; };
		F7F9F7251CB2CE23003EE8E4 /* Constants.swift in Sources */ = {isa = PBXBuildFile; fileRef = F7F9F7241CB2CE23003EE8E4 /* Constants.swift */; };
		F7F9F7381CB2F545003EE8E4 /* Foundation.framework in Frameworks */ = {isa = PBXBuildFile; fileRef = F7F9F7371CB2F545003EE8E4 /* Foundation.framework */; };
		F7F9F73A1CB2F54B003EE8E4 /* UIKit.framework in Frameworks */ = {isa = PBXBuildFile; fileRef = F7F9F7391CB2F54B003EE8E4 /* UIKit.framework */; };
/* End PBXBuildFile section */

/* Begin PBXFileReference section */
		F7A4D1DF1D92D291003BBDD9 /* TornadoBarViewController.swift */ = {isa = PBXFileReference; fileEncoding = 4; lastKnownFileType = sourcecode.swift; name = TornadoBarViewController.swift; path = "Bar Series/TornadoBarViewController.swift"; sourceTree = "<group>"; };
		F7A4D1E01D92D291003BBDD9 /* TornadoDataPoint.h */ = {isa = PBXFileReference; fileEncoding = 4; lastKnownFileType = sourcecode.c.h; name = TornadoDataPoint.h; path = "Bar Series/TornadoDataPoint.h"; sourceTree = "<group>"; };
		F7A4D1E11D92D291003BBDD9 /* TornadoDataPoint.m */ = {isa = PBXFileReference; fileEncoding = 4; lastKnownFileType = sourcecode.c.objc; name = TornadoDataPoint.m; path = "Bar Series/TornadoDataPoint.m"; sourceTree = "<group>"; };
		F7A4D1E21D92D291003BBDD9 /* TornadoDataSource.h */ = {isa = PBXFileReference; fileEncoding = 4; lastKnownFileType = sourcecode.c.h; name = TornadoDataSource.h; path = "Bar Series/TornadoDataSource.h"; sourceTree = "<group>"; };
		F7A4D1E31D92D291003BBDD9 /* TornadoDataSource.m */ = {isa = PBXFileReference; fileEncoding = 4; lastKnownFileType = sourcecode.c.objc; name = TornadoDataSource.m; path = "Bar Series/TornadoDataSource.m"; sourceTree = "<group>"; };
		F7A4D1E71D92D29C003BBDD9 /* ColHighLowGraphViewController.swift */ = {isa = PBXFileReference; fileEncoding = 4; lastKnownFileType = sourcecode.swift; name = ColHighLowGraphViewController.swift; path = "Column Series/ColHighLowGraphViewController.swift"; sourceTree = "<group>"; };
		F7A4D1E81D92D29C003BBDD9 /* LineHighLowGraphDataSource.h */ = {isa = PBXFileReference; fileEncoding = 4; lastKnownFileType = sourcecode.c.h; name = LineHighLowGraphDataSource.h; path = "Column Series/LineHighLowGraphDataSource.h"; sourceTree = "<group>"; };
		F7A4D1E91D92D29C003BBDD9 /* LineHighLowGraphDataSource.m */ = {isa = PBXFileReference; fileEncoding = 4; lastKnownFileType = sourcecode.c.objc; name = LineHighLowGraphDataSource.m; path = "Column Series/LineHighLowGraphDataSource.m"; sourceTree = "<group>"; };
		F7A4D1EC1D92D2A7003BBDD9 /* LineGraphViewController.swift */ = {isa = PBXFileReference; fileEncoding = 4; lastKnownFileType = sourcecode.swift; name = LineGraphViewController.swift; path = "Line Series/LineGraphViewController.swift"; sourceTree = "<group>"; };
		F7A4D1ED1D92D2A7003BBDD9 /* LineTrigGraphViewController.swift */ = {isa = PBXFileReference; fileEncoding = 4; lastKnownFileType = sourcecode.swift; name = LineTrigGraphViewController.swift; path = "Line Series/LineTrigGraphViewController.swift"; sourceTree = "<group>"; };
		F7A4D1F01D92D2B2003BBDD9 /* LineGraphModViewController.swift */ = {isa = PBXFileReference; fileEncoding = 4; lastKnownFileType = sourcecode.swift; name = LineGraphModViewController.swift; path = "Line Series/line facing up/LineGraphModViewController.swift"; sourceTree = "<group>"; };
		F7A4D1F11D92D2B2003BBDD9 /* LineGraphModDataSource.swift */ = {isa = PBXFileReference; fileEncoding = 4; lastKnownFileType = sourcecode.swift; name = LineGraphModDataSource.swift; path = "Line Series/line facing up/LineGraphModDataSource.swift"; sourceTree = "<group>"; };
		F7A4D1F41D92D2C1003BBDD9 /* scatter-data.plist */ = {isa = PBXFileReference; fileEncoding = 4; lastKnownFileType = text.plist.xml; name = "scatter-data.plist"; path = "Scatter Series/scatter-data.plist"; sourceTree = "<group>"; };
		F7A4D1F51D92D2C1003BBDD9 /* ScatterLineGraphDataSource.h */ = {isa = PBXFileReference; fileEncoding = 4; lastKnownFileType = sourcecode.c.h; name = ScatterLineGraphDataSource.h; path = "Scatter Series/ScatterLineGraphDataSource.h"; sourceTree = "<group>"; };
		F7A4D1F61D92D2C1003BBDD9 /* ScatterLineGraphDataSource.m */ = {isa = PBXFileReference; fileEncoding = 4; lastKnownFileType = sourcecode.c.objc; name = ScatterLineGraphDataSource.m; path = "Scatter Series/ScatterLineGraphDataSource.m"; sourceTree = "<group>"; };
		F7A4D1F71D92D2C1003BBDD9 /* ScatterLineViewController.h */ = {isa = PBXFileReference; fileEncoding = 4; lastKnownFileType = sourcecode.c.h; name = ScatterLineViewController.h; path = "Scatter Series/ScatterLineViewController.h"; sourceTree = "<group>"; };
		F7A4D1F81D92D2C1003BBDD9 /* ScatterLineViewController.m */ = {isa = PBXFileReference; fileEncoding = 4; lastKnownFileType = sourcecode.c.objc; name = ScatterLineViewController.m; path = "Scatter Series/ScatterLineViewController.m"; sourceTree = "<group>"; };
		F7A4D1FC1D92D2CE003BBDD9 /* MultiGraphViewController.h */ = {isa = PBXFileReference; fileEncoding = 4; lastKnownFileType = sourcecode.c.h; name = MultiGraphViewController.h; path = "Multi Series/multi/MultiGraphViewController.h"; sourceTree = "<group>"; };
		F7A4D1FD1D92D2CE003BBDD9 /* MultiGraphViewController.m */ = {isa = PBXFileReference; fileEncoding = 4; lastKnownFileType = sourcecode.c.objc; name = MultiGraphViewController.m; path = "Multi Series/multi/MultiGraphViewController.m"; sourceTree = "<group>"; };
		F7A4D1FE1D92D2CE003BBDD9 /* MultiGraphDataSource.h */ = {isa = PBXFileReference; fileEncoding = 4; lastKnownFileType = sourcecode.c.h; name = MultiGraphDataSource.h; path = "Multi Series/multi/MultiGraphDataSource.h"; sourceTree = "<group>"; };
		F7A4D1FF1D92D2CE003BBDD9 /* MultiGraphDataSource.m */ = {isa = PBXFileReference; fileEncoding = 4; lastKnownFileType = sourcecode.c.objc; name = MultiGraphDataSource.m; path = "Multi Series/multi/MultiGraphDataSource.m"; sourceTree = "<group>"; };
		F7A4D2001D92D2CE003BBDD9 /* multitype-data.plist */ = {isa = PBXFileReference; lastKnownFileType = file.bplist; name = "multitype-data.plist"; path = "Multi Series/multi/multitype-data.plist"; sourceTree = "<group>"; };
		F7A4D2041D92D2DA003BBDD9 /* ScatterHRLineViewController.m */ = {isa = PBXFileReference; fileEncoding = 4; lastKnownFileType = sourcecode.c.objc; name = ScatterHRLineViewController.m; path = "Multi Series/multi heartrate/ScatterHRLineViewController.m"; sourceTree = "<group>"; };
		F7A4D2051D92D2DA003BBDD9 /* ScatterHRLineGraphDataSource.m */ = {isa = PBXFileReference; fileEncoding = 4; lastKnownFileType = sourcecode.c.objc; name = ScatterHRLineGraphDataSource.m; path = "Multi Series/multi heartrate/ScatterHRLineGraphDataSource.m"; sourceTree = "<group>"; };
		F7A4D2061D92D2DA003BBDD9 /* ScatterHRLineViewController.h */ = {isa = PBXFileReference; fileEncoding = 4; lastKnownFileType = sourcecode.c.h; name = ScatterHRLineViewController.h; path = "Multi Series/multi heartrate/ScatterHRLineViewController.h"; sourceTree = "<group>"; };
		F7A4D2071D92D2DA003BBDD9 /* scatter-HeartRate-data.plist */ = {isa = PBXFileReference; fileEncoding = 4; lastKnownFileType = text.plist.xml; name = "scatter-HeartRate-data.plist"; path = "Multi Series/multi heartrate/scatter-HeartRate-data.plist"; sourceTree = "<group>"; };
		F7A4D2081D92D2DA003BBDD9 /* ScatterHRLineGraphDataSource.h */ = {isa = PBXFileReference; fileEncoding = 4; lastKnownFileType = sourcecode.c.h; name = ScatterHRLineGraphDataSource.h; path = "Multi Series/multi heartrate/ScatterHRLineGraphDataSource.h"; sourceTree = "<group>"; };
		F7A4D20C1D92D2E4003BBDD9 /* ScatterHRModifiedLineGraphDataSource.m */ = {isa = PBXFileReference; fileEncoding = 4; lastKnownFileType = sourcecode.c.objc; name = ScatterHRModifiedLineGraphDataSource.m; path = "Multi Series/multi heartrate mod/ScatterHRModifiedLineGraphDataSource.m"; sourceTree = "<group>"; };
		F7A4D20D1D92D2E4003BBDD9 /* ScatterHRModifiedLineViewController.m */ = {isa = PBXFileReference; fileEncoding = 4; lastKnownFileType = sourcecode.c.objc; name = ScatterHRModifiedLineViewController.m; path = "Multi Series/multi heartrate mod/ScatterHRModifiedLineViewController.m"; sourceTree = "<group>"; };
		F7A4D20E1D92D2E4003BBDD9 /* .DS_Store */ = {isa = PBXFileReference; lastKnownFileType = file; name = .DS_Store; path = "Multi Series/multi heartrate mod/.DS_Store"; sourceTree = "<group>"; };
		F7A4D20F1D92D2E4003BBDD9 /* scatter-HRModified-data.plist */ = {isa = PBXFileReference; fileEncoding = 4; lastKnownFileType = text.plist.xml; name = "scatter-HRModified-data.plist"; path = "Multi Series/multi heartrate mod/scatter-HRModified-data.plist"; sourceTree = "<group>"; };
		F7A4D2101D92D2E4003BBDD9 /* ScatterHRModifiedLineGraphDataSource.h */ = {isa = PBXFileReference; fileEncoding = 4; lastKnownFileType = sourcecode.c.h; name = ScatterHRModifiedLineGraphDataSource.h; path = "Multi Series/multi heartrate mod/ScatterHRModifiedLineGraphDataSource.h"; sourceTree = "<group>"; };
		F7A4D2111D92D2E4003BBDD9 /* ScatterHRModifiedLineViewController.h */ = {isa = PBXFileReference; fileEncoding = 4; lastKnownFileType = sourcecode.c.h; name = ScatterHRModifiedLineViewController.h; path = "Multi Series/multi heartrate mod/ScatterHRModifiedLineViewController.h"; sourceTree = "<group>"; };
		F7DAA8C71D772FF300D23A23 /* ShinobiCharts.framework */ = {isa = PBXFileReference; lastKnownFileType = wrapper.framework; path = ShinobiCharts.framework; sourceTree = SOURCE_ROOT; };
		F7F9F6F81CB2BEE3003EE8E4 /* shinobiCharts.app */ = {isa = PBXFileReference; explicitFileType = wrapper.application; includeInIndex = 0; path = shinobiCharts.app; sourceTree = BUILT_PRODUCTS_DIR; };
		F7F9F6FB1CB2BEE4003EE8E4 /* AppDelegate.swift */ = {isa = PBXFileReference; lastKnownFileType = sourcecode.swift; path = AppDelegate.swift; sourceTree = "<group>"; };
		F7F9F7001CB2BEE4003EE8E4 /* Base */ = {isa = PBXFileReference; lastKnownFileType = file.storyboard; name = Base; path = Base.lproj/Main.storyboard; sourceTree = "<group>"; };
		F7F9F7021CB2BEE4003EE8E4 /* Assets.xcassets */ = {isa = PBXFileReference; lastKnownFileType = folder.assetcatalog; path = Assets.xcassets; sourceTree = "<group>"; };
		F7F9F7051CB2BEE4003EE8E4 /* Base */ = {isa = PBXFileReference; lastKnownFileType = file.storyboard; name = Base; path = Base.lproj/LaunchScreen.storyboard; sourceTree = "<group>"; };
		F7F9F7071CB2BEE4003EE8E4 /* Info.plist */ = {isa = PBXFileReference; lastKnownFileType = text.plist.xml; path = Info.plist; sourceTree = "<group>"; };
		F7F9F7101CB2C160003EE8E4 /* Security.framework */ = {isa = PBXFileReference; lastKnownFileType = wrapper.framework; name = Security.framework; path = System/Library/Frameworks/Security.framework; sourceTree = SDKROOT; };
		F7F9F7121CB2C16B003EE8E4 /* QuartzCore.framework */ = {isa = PBXFileReference; lastKnownFileType = wrapper.framework; name = QuartzCore.framework; path = System/Library/Frameworks/QuartzCore.framework; sourceTree = SDKROOT; };
		F7F9F7141CB2C175003EE8E4 /* OpenGLES.framework */ = {isa = PBXFileReference; lastKnownFileType = wrapper.framework; name = OpenGLES.framework; path = System/Library/Frameworks/OpenGLES.framework; sourceTree = SDKROOT; };
		F7F9F7161CB2C17E003EE8E4 /* CoreText.framework */ = {isa = PBXFileReference; lastKnownFileType = wrapper.framework; name = CoreText.framework; path = System/Library/Frameworks/CoreText.framework; sourceTree = SDKROOT; };
		F7F9F7191CB2C5E5003EE8E4 /* shinobiCharts-Bridging-Header.h */ = {isa = PBXFileReference; lastKnownFileType = sourcecode.c.h; path = "shinobiCharts-Bridging-Header.h"; sourceTree = "<group>"; };
		F7F9F7201CB2CD71003EE8E4 /* libc++.tbd */ = {isa = PBXFileReference; lastKnownFileType = "sourcecode.text-based-dylib-definition"; name = "libc++.tbd"; path = "usr/lib/libc++.tbd"; sourceTree = SDKROOT; };
		F7F9F7241CB2CE23003EE8E4 /* Constants.swift */ = {isa = PBXFileReference; fileEncoding = 4; lastKnownFileType = sourcecode.swift; path = Constants.swift; sourceTree = "<group>"; };
		F7F9F7371CB2F545003EE8E4 /* Foundation.framework */ = {isa = PBXFileReference; lastKnownFileType = wrapper.framework; name = Foundation.framework; path = System/Library/Frameworks/Foundation.framework; sourceTree = SDKROOT; };
		F7F9F7391CB2F54B003EE8E4 /* UIKit.framework */ = {isa = PBXFileReference; lastKnownFileType = wrapper.framework; name = UIKit.framework; path = System/Library/Frameworks/UIKit.framework; sourceTree = SDKROOT; };
/* End PBXFileReference section */

/* Begin PBXFrameworksBuildPhase section */
		F7F9F6F51CB2BEE3003EE8E4 /* Frameworks */ = {
			isa = PBXFrameworksBuildPhase;
			buildActionMask = 2147483647;
			files = (
				F7F9F73A1CB2F54B003EE8E4 /* UIKit.framework in Frameworks */,
				F7F9F7381CB2F545003EE8E4 /* Foundation.framework in Frameworks */,
				F7F9F7211CB2CD71003EE8E4 /* libc++.tbd in Frameworks */,
				F7F9F71A1CB2CBAA003EE8E4 /* Security.framework in Frameworks */,
				F7DAA8C81D772FF300D23A23 /* ShinobiCharts.framework in Frameworks */,
				F7F9F7171CB2C17E003EE8E4 /* CoreText.framework in Frameworks */,
				F7F9F7151CB2C175003EE8E4 /* OpenGLES.framework in Frameworks */,
			);
			runOnlyForDeploymentPostprocessing = 0;
		};
/* End PBXFrameworksBuildPhase section */

/* Begin PBXGroup section */
		F73AF44F1D7621760015F5B1 /* Column Series */ = {
			isa = PBXGroup;
			children = (
				F7A4D1E71D92D29C003BBDD9 /* ColHighLowGraphViewController.swift */,
				F7A4D1E81D92D29C003BBDD9 /* LineHighLowGraphDataSource.h */,
				F7A4D1E91D92D29C003BBDD9 /* LineHighLowGraphDataSource.m */,
			);
			name = "Column Series";
			sourceTree = "<group>";
		};
		F73AF4501D76217F0015F5B1 /* Tornado style */ = {
			isa = PBXGroup;
			children = (
				F7A4D1DF1D92D291003BBDD9 /* TornadoBarViewController.swift */,
				F7A4D1E01D92D291003BBDD9 /* TornadoDataPoint.h */,
				F7A4D1E11D92D291003BBDD9 /* TornadoDataPoint.m */,
				F7A4D1E21D92D291003BBDD9 /* TornadoDataSource.h */,
				F7A4D1E31D92D291003BBDD9 /* TornadoDataSource.m */,
			);
			name = "Tornado style";
			sourceTree = "<group>";
		};
		F75A5C8B1D918DAD002A06A6 /* Line Graph - Facing up */ = {
			isa = PBXGroup;
			children = (
				F7A4D1F01D92D2B2003BBDD9 /* LineGraphModViewController.swift */,
				F7A4D1F11D92D2B2003BBDD9 /* LineGraphModDataSource.swift */,
			);
			name = "Line Graph - Facing up";
			sourceTree = "<group>";
		};
		F7A4D1DB1D92C949003BBDD9 /* Multi Series */ = {
			isa = PBXGroup;
			children = (
				F7DAA8FD1D776D6300D23A23 /* Multi Graph - Band & Column Series */,
				F7DAA8F31D77483D00D23A23 /* Heart Rate - Scatter & Band Series */,
				F7AFBB4B1D89C24F001EEBC3 /* Heart rate modified - Line & Scatter series */,
			);
			name = "Multi Series";
			sourceTree = "<group>";
		};
		F7A4D1DC1D92C950003BBDD9 /* Line Series */ = {
			isa = PBXGroup;
			children = (
				F7A4D1EC1D92D2A7003BBDD9 /* LineGraphViewController.swift */,
				F7A4D1ED1D92D2A7003BBDD9 /* LineTrigGraphViewController.swift */,
				F75A5C8B1D918DAD002A06A6 /* Line Graph - Facing up */,
			);
			name = "Line Series";
			sourceTree = "<group>";
		};
		F7A4D1DD1D92C958003BBDD9 /* Bar Series */ = {
			isa = PBXGroup;
			children = (
				F73AF4501D76217F0015F5B1 /* Tornado style */,
			);
			name = "Bar Series";
			sourceTree = "<group>";
		};
		F7A4D1DE1D92C965003BBDD9 /* Scatter Series */ = {
			isa = PBXGroup;
			children = (
				F7A4D1F41D92D2C1003BBDD9 /* scatter-data.plist */,
				F7A4D1F51D92D2C1003BBDD9 /* ScatterLineGraphDataSource.h */,
				F7A4D1F61D92D2C1003BBDD9 /* ScatterLineGraphDataSource.m */,
				F7A4D1F71D92D2C1003BBDD9 /* ScatterLineViewController.h */,
				F7A4D1F81D92D2C1003BBDD9 /* ScatterLineViewController.m */,
			);
			name = "Scatter Series";
			sourceTree = "<group>";
		};
		F7AFBB4B1D89C24F001EEBC3 /* Heart rate modified - Line & Scatter series */ = {
			isa = PBXGroup;
			children = (
				F7A4D20C1D92D2E4003BBDD9 /* ScatterHRModifiedLineGraphDataSource.m */,
				F7A4D20D1D92D2E4003BBDD9 /* ScatterHRModifiedLineViewController.m */,
				F7A4D20E1D92D2E4003BBDD9 /* .DS_Store */,
				F7A4D20F1D92D2E4003BBDD9 /* scatter-HRModified-data.plist */,
				F7A4D2101D92D2E4003BBDD9 /* ScatterHRModifiedLineGraphDataSource.h */,
				F7A4D2111D92D2E4003BBDD9 /* ScatterHRModifiedLineViewController.h */,
			);
			name = "Heart rate modified - Line & Scatter series";
			sourceTree = "<group>";
		};
		F7DAA81D1D771C5A00D23A23 /* Views */ = {
			isa = PBXGroup;
			children = (
				F7F9F7041CB2BEE4003EE8E4 /* LaunchScreen.storyboard */,
				F7F9F6FF1CB2BEE4003EE8E4 /* Main.storyboard */,
			);
			name = Views;
			sourceTree = "<group>";
		};
		F7DAA8F31D77483D00D23A23 /* Heart Rate - Scatter & Band Series */ = {
			isa = PBXGroup;
			children = (
				F7A4D2041D92D2DA003BBDD9 /* ScatterHRLineViewController.m */,
				F7A4D2051D92D2DA003BBDD9 /* ScatterHRLineGraphDataSource.m */,
				F7A4D2061D92D2DA003BBDD9 /* ScatterHRLineViewController.h */,
				F7A4D2071D92D2DA003BBDD9 /* scatter-HeartRate-data.plist */,
				F7A4D2081D92D2DA003BBDD9 /* ScatterHRLineGraphDataSource.h */,
			);
			name = "Heart Rate - Scatter & Band Series";
			sourceTree = "<group>";
		};
		F7DAA8FD1D776D6300D23A23 /* Multi Graph - Band & Column Series */ = {
			isa = PBXGroup;
			children = (
				F7A4D1FC1D92D2CE003BBDD9 /* MultiGraphViewController.h */,
				F7A4D1FD1D92D2CE003BBDD9 /* MultiGraphViewController.m */,
				F7A4D1FE1D92D2CE003BBDD9 /* MultiGraphDataSource.h */,
				F7A4D1FF1D92D2CE003BBDD9 /* MultiGraphDataSource.m */,
				F7A4D2001D92D2CE003BBDD9 /* multitype-data.plist */,
			);
			name = "Multi Graph - Band & Column Series";
			sourceTree = "<group>";
		};
		F7F9F6EF1CB2BEE3003EE8E4 = {
			isa = PBXGroup;
			children = (
				F7F9F6FA1CB2BEE4003EE8E4 /* shinobiCharts */,
				F7F9F70D1CB2C133003EE8E4 /* Frameworks */,
				F7F9F6F91CB2BEE3003EE8E4 /* Products */,
			);
			sourceTree = "<group>";
		};
		F7F9F6F91CB2BEE3003EE8E4 /* Products */ = {
			isa = PBXGroup;
			children = (
				F7F9F6F81CB2BEE3003EE8E4 /* shinobiCharts.app */,
			);
			name = Products;
			sourceTree = "<group>";
		};
		F7F9F6FA1CB2BEE4003EE8E4 /* shinobiCharts */ = {
			isa = PBXGroup;
			children = (
				F7F9F6FB1CB2BEE4003EE8E4 /* AppDelegate.swift */,
				F7F9F7241CB2CE23003EE8E4 /* Constants.swift */,
				F7F9F7071CB2BEE4003EE8E4 /* Info.plist */,
				F7F9F7191CB2C5E5003EE8E4 /* shinobiCharts-Bridging-Header.h */,
				F7F9F7021CB2BEE4003EE8E4 /* Assets.xcassets */,
				F7DAA81D1D771C5A00D23A23 /* Views */,
				F7F9F7181CB2C1AD003EE8E4 /* Controllers */,
			);
			path = shinobiCharts;
			sourceTree = "<group>";
		};
		F7F9F70D1CB2C133003EE8E4 /* Frameworks */ = {
			isa = PBXGroup;
			children = (
				F7DAA8C71D772FF300D23A23 /* ShinobiCharts.framework */,
				F7F9F7391CB2F54B003EE8E4 /* UIKit.framework */,
				F7F9F7371CB2F545003EE8E4 /* Foundation.framework */,
				F7F9F7201CB2CD71003EE8E4 /* libc++.tbd */,
				F7F9F7161CB2C17E003EE8E4 /* CoreText.framework */,
				F7F9F7141CB2C175003EE8E4 /* OpenGLES.framework */,
				F7F9F7121CB2C16B003EE8E4 /* QuartzCore.framework */,
				F7F9F7101CB2C160003EE8E4 /* Security.framework */,
			);
			name = Frameworks;
			path = shinobiCharts;
			sourceTree = "<group>";
		};
		F7F9F7181CB2C1AD003EE8E4 /* Controllers */ = {
			isa = PBXGroup;
			children = (
				F7A4D1DD1D92C958003BBDD9 /* Bar Series */,
				F73AF44F1D7621760015F5B1 /* Column Series */,
				F7A4D1DC1D92C950003BBDD9 /* Line Series */,
				F7A4D1DE1D92C965003BBDD9 /* Scatter Series */,
				F7A4D1DB1D92C949003BBDD9 /* Multi Series */,
			);
			name = Controllers;
			sourceTree = "<group>";
		};
/* End PBXGroup section */

/* Begin PBXNativeTarget section */
		F7F9F6F71CB2BEE3003EE8E4 /* shinobiCharts */ = {
			isa = PBXNativeTarget;
			buildConfigurationList = F7F9F70A1CB2BEE4003EE8E4 /* Build configuration list for PBXNativeTarget "shinobiCharts" */;
			buildPhases = (
				F7F9F6F41CB2BEE3003EE8E4 /* Sources */,
				F7F9F6F51CB2BEE3003EE8E4 /* Frameworks */,
				F7F9F6F61CB2BEE3003EE8E4 /* Resources */,
			);
			buildRules = (
			);
			dependencies = (
			);
			name = shinobiCharts;
			productName = shinobiCharts;
			productReference = F7F9F6F81CB2BEE3003EE8E4 /* shinobiCharts.app */;
			productType = "com.apple.product-type.application";
		};
/* End PBXNativeTarget section */

/* Begin PBXProject section */
		F7F9F6F01CB2BEE3003EE8E4 /* Project object */ = {
			isa = PBXProject;
			attributes = {
				LastSwiftUpdateCheck = 0730;
				LastUpgradeCheck = 0800;
				ORGANIZATIONNAME = LC;
				TargetAttributes = {
					F7F9F6F71CB2BEE3003EE8E4 = {
						CreatedOnToolsVersion = 7.3;
						DevelopmentTeam = Y24U4BPF65;
						LastSwiftMigration = 0800;
						ProvisioningStyle = Automatic;
					};
				};
			};
			buildConfigurationList = F7F9F6F31CB2BEE3003EE8E4 /* Build configuration list for PBXProject "shinobiCharts" */;
			compatibilityVersion = "Xcode 3.2";
			developmentRegion = English;
			hasScannedForEncodings = 0;
			knownRegions = (
				en,
				Base,
			);
			mainGroup = F7F9F6EF1CB2BEE3003EE8E4;
			productRefGroup = F7F9F6F91CB2BEE3003EE8E4 /* Products */;
			projectDirPath = "";
			projectRoot = "";
			targets = (
				F7F9F6F71CB2BEE3003EE8E4 /* shinobiCharts */,
			);
		};
/* End PBXProject section */

/* Begin PBXResourcesBuildPhase section */
		F7F9F6F61CB2BEE3003EE8E4 /* Resources */ = {
			isa = PBXResourcesBuildPhase;
			buildActionMask = 2147483647;
			files = (
				F7F9F7061CB2BEE4003EE8E4 /* LaunchScreen.storyboard in Resources */,
				F7F9F7031CB2BEE4003EE8E4 /* Assets.xcassets in Resources */,
				F7A4D20B1D92D2DA003BBDD9 /* scatter-HeartRate-data.plist in Resources */,
				F7F9F7011CB2BEE4003EE8E4 /* Main.storyboard in Resources */,
				F7A4D2151D92D2E4003BBDD9 /* scatter-HRModified-data.plist in Resources */,
				F7A4D2031D92D2CE003BBDD9 /* multitype-data.plist in Resources */,
				F7A4D2141D92D2E4003BBDD9 /* .DS_Store in Resources */,
				F7A4D1F91D92D2C1003BBDD9 /* scatter-data.plist in Resources */,
			);
			runOnlyForDeploymentPostprocessing = 0;
		};
/* End PBXResourcesBuildPhase section */

/* Begin PBXSourcesBuildPhase section */
		F7F9F6F41CB2BEE3003EE8E4 /* Sources */ = {
			isa = PBXSourcesBuildPhase;
			buildActionMask = 2147483647;
			files = (
				F7A4D1E41D92D291003BBDD9 /* TornadoBarViewController.swift in Sources */,
				F7A4D1F31D92D2B2003BBDD9 /* LineGraphModDataSource.swift in Sources */,
				F7A4D1EA1D92D29C003BBDD9 /* ColHighLowGraphViewController.swift in Sources */,
				F7A4D20A1D92D2DA003BBDD9 /* ScatterHRLineGraphDataSource.m in Sources */,
				F7A4D2021D92D2CE003BBDD9 /* MultiGraphDataSource.m in Sources */,
				F7A4D2091D92D2DA003BBDD9 /* ScatterHRLineViewController.m in Sources */,
				F7F9F6FC1CB2BEE4003EE8E4 /* AppDelegate.swift in Sources */,
				F7A4D1F21D92D2B2003BBDD9 /* LineGraphModViewController.swift in Sources */,
				F7A4D1EE1D92D2A7003BBDD9 /* LineGraphViewController.swift in Sources */,
				F7A4D1FA1D92D2C1003BBDD9 /* ScatterLineGraphDataSource.m in Sources */,
				F7A4D1E61D92D291003BBDD9 /* TornadoDataSource.m in Sources */,
				F7A4D2121D92D2E4003BBDD9 /* ScatterHRModifiedLineGraphDataSource.m in Sources */,
				F7F9F7251CB2CE23003EE8E4 /* Constants.swift in Sources */,
				F7A4D1E51D92D291003BBDD9 /* TornadoDataPoint.m in Sources */,
				F7A4D2131D92D2E4003BBDD9 /* ScatterHRModifiedLineViewController.m in Sources */,
				F7A4D1FB1D92D2C1003BBDD9 /* ScatterLineViewController.m in Sources */,
				F7A4D1EF1D92D2A7003BBDD9 /* LineTrigGraphViewController.swift in Sources */,
				F7A4D1EB1D92D29C003BBDD9 /* LineHighLowGraphDataSource.m in Sources */,
				F7A4D2011D92D2CE003BBDD9 /* MultiGraphViewController.m in Sources */,
			);
			runOnlyForDeploymentPostprocessing = 0;
		};
/* End PBXSourcesBuildPhase section */

/* Begin PBXVariantGroup section */
		F7F9F6FF1CB2BEE4003EE8E4 /* Main.storyboard */ = {
			isa = PBXVariantGroup;
			children = (
				F7F9F7001CB2BEE4003EE8E4 /* Base */,
			);
			name = Main.storyboard;
			sourceTree = "<group>";
		};
		F7F9F7041CB2BEE4003EE8E4 /* LaunchScreen.storyboard */ = {
			isa = PBXVariantGroup;
			children = (
				F7F9F7051CB2BEE4003EE8E4 /* Base */,
			);
			name = LaunchScreen.storyboard;
			sourceTree = "<group>";
		};
/* End PBXVariantGroup section */

/* Begin XCBuildConfiguration section */
		F7F9F7081CB2BEE4003EE8E4 /* Debug */ = {
			isa = XCBuildConfiguration;
			buildSettings = {
				ALWAYS_SEARCH_USER_PATHS = NO;
				CLANG_ANALYZER_NONNULL = YES;
				CLANG_CXX_LANGUAGE_STANDARD = "gnu++0x";
				CLANG_CXX_LIBRARY = "libc++";
				CLANG_ENABLE_MODULES = YES;
				CLANG_ENABLE_OBJC_ARC = YES;
				CLANG_WARN_BOOL_CONVERSION = YES;
				CLANG_WARN_CONSTANT_CONVERSION = YES;
				CLANG_WARN_DIRECT_OBJC_ISA_USAGE = YES_ERROR;
				CLANG_WARN_EMPTY_BODY = YES;
				CLANG_WARN_ENUM_CONVERSION = YES;
				CLANG_WARN_INFINITE_RECURSION = YES;
				CLANG_WARN_INT_CONVERSION = YES;
				CLANG_WARN_OBJC_ROOT_CLASS = YES_ERROR;
				CLANG_WARN_SUSPICIOUS_MOVE = YES;
				CLANG_WARN_UNREACHABLE_CODE = YES;
				CLANG_WARN__DUPLICATE_METHOD_MATCH = YES;
				"CODE_SIGN_IDENTITY[sdk=iphoneos*]" = "iPhone Developer";
				COPY_PHASE_STRIP = NO;
				DEBUG_INFORMATION_FORMAT = dwarf;
				ENABLE_STRICT_OBJC_MSGSEND = YES;
				ENABLE_TESTABILITY = YES;
				GCC_C_LANGUAGE_STANDARD = gnu99;
				GCC_DYNAMIC_NO_PIC = NO;
				GCC_NO_COMMON_BLOCKS = YES;
				GCC_OPTIMIZATION_LEVEL = 0;
				GCC_PREPROCESSOR_DEFINITIONS = (
					"DEBUG=1",
					"$(inherited)",
				);
				GCC_WARN_64_TO_32_BIT_CONVERSION = YES;
				GCC_WARN_ABOUT_RETURN_TYPE = YES_ERROR;
				GCC_WARN_UNDECLARED_SELECTOR = YES;
				GCC_WARN_UNINITIALIZED_AUTOS = YES_AGGRESSIVE;
				GCC_WARN_UNUSED_FUNCTION = YES;
				GCC_WARN_UNUSED_VARIABLE = YES;
				IPHONEOS_DEPLOYMENT_TARGET = 9.3;
				MTL_ENABLE_DEBUG_INFO = YES;
				ONLY_ACTIVE_ARCH = YES;
				SDKROOT = iphoneos;
				SWIFT_OPTIMIZATION_LEVEL = "-Onone";
			};
			name = Debug;
		};
		F7F9F7091CB2BEE4003EE8E4 /* Release */ = {
			isa = XCBuildConfiguration;
			buildSettings = {
				ALWAYS_SEARCH_USER_PATHS = NO;
				CLANG_ANALYZER_NONNULL = YES;
				CLANG_CXX_LANGUAGE_STANDARD = "gnu++0x";
				CLANG_CXX_LIBRARY = "libc++";
				CLANG_ENABLE_MODULES = YES;
				CLANG_ENABLE_OBJC_ARC = YES;
				CLANG_WARN_BOOL_CONVERSION = YES;
				CLANG_WARN_CONSTANT_CONVERSION = YES;
				CLANG_WARN_DIRECT_OBJC_ISA_USAGE = YES_ERROR;
				CLANG_WARN_EMPTY_BODY = YES;
				CLANG_WARN_ENUM_CONVERSION = YES;
				CLANG_WARN_INFINITE_RECURSION = YES;
				CLANG_WARN_INT_CONVERSION = YES;
				CLANG_WARN_OBJC_ROOT_CLASS = YES_ERROR;
				CLANG_WARN_SUSPICIOUS_MOVE = YES;
				CLANG_WARN_UNREACHABLE_CODE = YES;
				CLANG_WARN__DUPLICATE_METHOD_MATCH = YES;
				"CODE_SIGN_IDENTITY[sdk=iphoneos*]" = "iPhone Developer";
				COPY_PHASE_STRIP = NO;
				DEBUG_INFORMATION_FORMAT = "dwarf-with-dsym";
				ENABLE_NS_ASSERTIONS = NO;
				ENABLE_STRICT_OBJC_MSGSEND = YES;
				GCC_C_LANGUAGE_STANDARD = gnu99;
				GCC_NO_COMMON_BLOCKS = YES;
				GCC_WARN_64_TO_32_BIT_CONVERSION = YES;
				GCC_WARN_ABOUT_RETURN_TYPE = YES_ERROR;
				GCC_WARN_UNDECLARED_SELECTOR = YES;
				GCC_WARN_UNINITIALIZED_AUTOS = YES_AGGRESSIVE;
				GCC_WARN_UNUSED_FUNCTION = YES;
				GCC_WARN_UNUSED_VARIABLE = YES;
				IPHONEOS_DEPLOYMENT_TARGET = 9.3;
				MTL_ENABLE_DEBUG_INFO = NO;
				SDKROOT = iphoneos;
				SWIFT_OPTIMIZATION_LEVEL = "-Owholemodule";
				VALIDATE_PRODUCT = YES;
			};
			name = Release;
		};
		F7F9F70B1CB2BEE4003EE8E4 /* Debug */ = {
			isa = XCBuildConfiguration;
			buildSettings = {
				ASSETCATALOG_COMPILER_APPICON_NAME = AppIcon;
				"CODE_SIGN_IDENTITY[sdk=iphoneos*]" = "iPhone Developer";
				DEVELOPMENT_TEAM = Y24U4BPF65;
				FRAMEWORK_SEARCH_PATHS = (
					"$(inherited)",
					"$(PROJECT_DIR)/shinobiCharts",
					"$(PROJECT_DIR)",
				);
				INFOPLIST_FILE = shinobiCharts/Info.plist;
				LD_RUNPATH_SEARCH_PATHS = "$(inherited) @executable_path/Frameworks";
				PRODUCT_BUNDLE_IDENTIFIER = LC.shinobiCharts1;
				PRODUCT_NAME = "$(TARGET_NAME)";
				SWIFT_OBJC_BRIDGING_HEADER = "$(SRCROOT)/shinobiCharts/shinobiCharts-Bridging-Header.h";
				SWIFT_VERSION = 3.0;
				TARGETED_DEVICE_FAMILY = "1,2";
			};
			name = Debug;
		};
		F7F9F70C1CB2BEE4003EE8E4 /* Release */ = {
			isa = XCBuildConfiguration;
			buildSettings = {
				ASSETCATALOG_COMPILER_APPICON_NAME = AppIcon;
				"CODE_SIGN_IDENTITY[sdk=iphoneos*]" = "iPhone Developer";
				DEVELOPMENT_TEAM = Y24U4BPF65;
				FRAMEWORK_SEARCH_PATHS = (
					"$(inherited)",
					"$(PROJECT_DIR)/shinobiCharts",
					"$(PROJECT_DIR)",
				);
				INFOPLIST_FILE = shinobiCharts/Info.plist;
				LD_RUNPATH_SEARCH_PATHS = "$(inherited) @executable_path/Frameworks";
				PRODUCT_BUNDLE_IDENTIFIER = LC.shinobiCharts1;
				PRODUCT_NAME = "$(TARGET_NAME)";
				SWIFT_OBJC_BRIDGING_HEADER = "$(SRCROOT)/shinobiCharts/shinobiCharts-Bridging-Header.h";
				SWIFT_VERSION = 3.0;
				TARGETED_DEVICE_FAMILY = "1,2";
			};
			name = Release;
		};
/* End XCBuildConfiguration section */

/* Begin XCConfigurationList section */
		F7F9F6F31CB2BEE3003EE8E4 /* Build configuration list for PBXProject "shinobiCharts" */ = {
			isa = XCConfigurationList;
			buildConfigurations = (
				F7F9F7081CB2BEE4003EE8E4 /* Debug */,
				F7F9F7091CB2BEE4003EE8E4 /* Release */,
			);
			defaultConfigurationIsVisible = 0;
			defaultConfigurationName = Release;
		};
		F7F9F70A1CB2BEE4003EE8E4 /* Build configuration list for PBXNativeTarget "shinobiCharts" */ = {
			isa = XCConfigurationList;
			buildConfigurations = (
				F7F9F70B1CB2BEE4003EE8E4 /* Debug */,
				F7F9F70C1CB2BEE4003EE8E4 /* Release */,
			);
			defaultConfigurationIsVisible = 0;
			defaultConfigurationName = Release;
		};
/* End XCConfigurationList section */
	};
	rootObject = F7F9F6F01CB2BEE3003EE8E4 /* Project object */;
}
